// !$*UTF8*$!
{
	archiveVersion = 1;
	classes = {
	};
	objectVersion = 46;
	objects = {

/* Begin PBXBuildFile section */
		1E1348A719DD8A8600D4837A /* AppDelegate.swift in Sources */ = {isa = PBXBuildFile; fileRef = 1E1348A619DD8A8600D4837A /* AppDelegate.swift */; };
		1E1348A919DD8A8600D4837A /* ViewController.swift in Sources */ = {isa = PBXBuildFile; fileRef = 1E1348A819DD8A8600D4837A /* ViewController.swift */; };
		1E1348AC19DD8A8600D4837A /* Main.storyboard in Resources */ = {isa = PBXBuildFile; fileRef = 1E1348AA19DD8A8600D4837A /* Main.storyboard */; };
		1E1348AE19DD8A8600D4837A /* Images.xcassets in Resources */ = {isa = PBXBuildFile; fileRef = 1E1348AD19DD8A8600D4837A /* Images.xcassets */; };
		1E1348B119DD8A8600D4837A /* LaunchScreen.xib in Resources */ = {isa = PBXBuildFile; fileRef = 1E1348AF19DD8A8600D4837A /* LaunchScreen.xib */; };
		1E1348BD19DD8A8600D4837A /* SeasnTests.swift in Sources */ = {isa = PBXBuildFile; fileRef = 1E1348BC19DD8A8600D4837A /* SeasnTests.swift */; };
		1E1348C719DD8ACB00D4837A /* Current.swift in Sources */ = {isa = PBXBuildFile; fileRef = 1E1348C619DD8ACB00D4837A /* Current.swift */; };
/* End PBXBuildFile section */

/* Begin PBXContainerItemProxy section */
		1E1348B719DD8A8600D4837A /* PBXContainerItemProxy */ = {
			isa = PBXContainerItemProxy;
			containerPortal = 1E13489919DD8A8600D4837A /* Project object */;
			proxyType = 1;
			remoteGlobalIDString = 1E1348A019DD8A8600D4837A;
			remoteInfo = Seasn;
		};
/* End PBXContainerItemProxy section */

/* Begin PBXFileReference section */
		1E1348A119DD8A8600D4837A /* Seasn.app */ = {isa = PBXFileReference; explicitFileType = wrapper.application; includeInIndex = 0; path = Seasn.app; sourceTree = BUILT_PRODUCTS_DIR; };
		1E1348A519DD8A8600D4837A /* Info.plist */ = {isa = PBXFileReference; lastKnownFileType = text.plist.xml; path = Info.plist; sourceTree = "<group>"; };
		1E1348A619DD8A8600D4837A /* AppDelegate.swift */ = {isa = PBXFileReference; lastKnownFileType = sourcecode.swift; path = AppDelegate.swift; sourceTree = "<group>"; };
		1E1348A819DD8A8600D4837A /* ViewController.swift */ = {isa = PBXFileReference; lastKnownFileType = sourcecode.swift; path = ViewController.swift; sourceTree = "<group>"; };
		1E1348AB19DD8A8600D4837A /* Base */ = {isa = PBXFileReference; lastKnownFileType = file.storyboard; name = Base; path = Base.lproj/Main.storyboard; sourceTree = "<group>"; };
		1E1348AD19DD8A8600D4837A /* Images.xcassets */ = {isa = PBXFileReference; lastKnownFileType = folder.assetcatalog; path = Images.xcassets; sourceTree = "<group>"; };
		1E1348B019DD8A8600D4837A /* Base */ = {isa = PBXFileReference; lastKnownFileType = file.xib; name = Base; path = Base.lproj/LaunchScreen.xib; sourceTree = "<group>"; };
		1E1348B619DD8A8600D4837A /* SeasnTests.xctest */ = {isa = PBXFileReference; explicitFileType = wrapper.cfbundle; includeInIndex = 0; path = SeasnTests.xctest; sourceTree = BUILT_PRODUCTS_DIR; };
		1E1348BB19DD8A8600D4837A /* Info.plist */ = {isa = PBXFileReference; lastKnownFileType = text.plist.xml; path = Info.plist; sourceTree = "<group>"; };
		1E1348BC19DD8A8600D4837A /* SeasnTests.swift */ = {isa = PBXFileReference; lastKnownFileType = sourcecode.swift; path = SeasnTests.swift; sourceTree = "<group>"; };
		1E1348C619DD8ACB00D4837A /* Current.swift */ = {isa = PBXFileReference; fileEncoding = 4; lastKnownFileType = sourcecode.swift; path = Current.swift; sourceTree = "<group>"; };
/* End PBXFileReference section */

/* Begin PBXFrameworksBuildPhase section */
		1E13489E19DD8A8600D4837A /* Frameworks */ = {
			isa = PBXFrameworksBuildPhase;
			buildActionMask = 2147483647;
			files = (
			);
			runOnlyForDeploymentPostprocessing = 0;
		};
		1E1348B319DD8A8600D4837A /* Frameworks */ = {
			isa = PBXFrameworksBuildPhase;
			buildActionMask = 2147483647;
			files = (
			);
			runOnlyForDeploymentPostprocessing = 0;
		};
/* End PBXFrameworksBuildPhase section */

/* Begin PBXGroup section */
		1E13489819DD8A8600D4837A = {
			isa = PBXGroup;
			children = (
				1E1348A319DD8A8600D4837A /* Seasn */,
				1E1348B919DD8A8600D4837A /* SeasnTests */,
				1E1348A219DD8A8600D4837A /* Products */,
			);
			sourceTree = "<group>";
		};
		1E1348A219DD8A8600D4837A /* Products */ = {
			isa = PBXGroup;
			children = (
				1E1348A119DD8A8600D4837A /* Seasn.app */,
				1E1348B619DD8A8600D4837A /* SeasnTests.xctest */,
			);
			name = Products;
			sourceTree = "<group>";
		};
		1E1348A319DD8A8600D4837A /* Seasn */ = {
			isa = PBXGroup;
			children = (
				1E1348A619DD8A8600D4837A /* AppDelegate.swift */,
				1E1348A819DD8A8600D4837A /* ViewController.swift */,
				1E1348C619DD8ACB00D4837A /* Current.swift */,
				1E1348AA19DD8A8600D4837A /* Main.storyboard */,
				1E1348AD19DD8A8600D4837A /* Images.xcassets */,
				1E1348AF19DD8A8600D4837A /* LaunchScreen.xib */,
				1E1348A419DD8A8600D4837A /* Supporting Files */,
			);
			path = Seasn;
			sourceTree = "<group>";
		};
		1E1348A419DD8A8600D4837A /* Supporting Files */ = {
			isa = PBXGroup;
			children = (
				1E1348A519DD8A8600D4837A /* Info.plist */,
			);
			name = "Supporting Files";
			sourceTree = "<group>";
		};
		1E1348B919DD8A8600D4837A /* SeasnTests */ = {
			isa = PBXGroup;
			children = (
				1E1348BC19DD8A8600D4837A /* SeasnTests.swift */,
				1E1348BA19DD8A8600D4837A /* Supporting Files */,
			);
			path = SeasnTests;
			sourceTree = "<group>";
		};
		1E1348BA19DD8A8600D4837A /* Supporting Files */ = {
			isa = PBXGroup;
			children = (
				1E1348BB19DD8A8600D4837A /* Info.plist */,
			);
			name = "Supporting Files";
			sourceTree = "<group>";
		};
/* End PBXGroup section */

/* Begin PBXNativeTarget section */
		1E1348A019DD8A8600D4837A /* Seasn */ = {
			isa = PBXNativeTarget;
			buildConfigurationList = 1E1348C019DD8A8600D4837A /* Build configuration list for PBXNativeTarget "Seasn" */;
			buildPhases = (
				1E13489D19DD8A8600D4837A /* Sources */,
				1E13489E19DD8A8600D4837A /* Frameworks */,
				1E13489F19DD8A8600D4837A /* Resources */,
			);
			buildRules = (
			);
			dependencies = (
			);
			name = Seasn;
			productName = Seasn;
			productReference = 1E1348A119DD8A8600D4837A /* Seasn.app */;
			productType = "com.apple.product-type.application";
		};
		1E1348B519DD8A8600D4837A /* SeasnTests */ = {
			isa = PBXNativeTarget;
			buildConfigurationList = 1E1348C319DD8A8600D4837A /* Build configuration list for PBXNativeTarget "SeasnTests" */;
			buildPhases = (
				1E1348B219DD8A8600D4837A /* Sources */,
				1E1348B319DD8A8600D4837A /* Frameworks */,
				1E1348B419DD8A8600D4837A /* Resources */,
			);
			buildRules = (
			);
			dependencies = (
				1E1348B819DD8A8600D4837A /* PBXTargetDependency */,
			);
			name = SeasnTests;
			productName = SeasnTests;
			productReference = 1E1348B619DD8A8600D4837A /* SeasnTests.xctest */;
			productType = "com.apple.product-type.bundle.unit-test";
		};
/* End PBXNativeTarget section */

/* Begin PBXProject section */
		1E13489919DD8A8600D4837A /* Project object */ = {
			isa = PBXProject;
			attributes = {
				LastUpgradeCheck = 0600;
				ORGANIZATIONNAME = "C. Robert Dudley, III";
				TargetAttributes = {
					1E1348A019DD8A8600D4837A = {
						CreatedOnToolsVersion = 6.0.1;
					};
					1E1348B519DD8A8600D4837A = {
						CreatedOnToolsVersion = 6.0.1;
						TestTargetID = 1E1348A019DD8A8600D4837A;
					};
				};
			};
			buildConfigurationList = 1E13489C19DD8A8600D4837A /* Build configuration list for PBXProject "Seasn" */;
			compatibilityVersion = "Xcode 3.2";
			developmentRegion = English;
			hasScannedForEncodings = 0;
			knownRegions = (
				en,
				Base,
			);
			mainGroup = 1E13489819DD8A8600D4837A;
			productRefGroup = 1E1348A219DD8A8600D4837A /* Products */;
			projectDirPath = "";
			projectRoot = "";
			targets = (
				1E1348A019DD8A8600D4837A /* Seasn */,
				1E1348B519DD8A8600D4837A /* SeasnTests */,
			);
		};
/* End PBXProject section */

/* Begin PBXResourcesBuildPhase section */
		1E13489F19DD8A8600D4837A /* Resources */ = {
			isa = PBXResourcesBuildPhase;
			buildActionMask = 2147483647;
			files = (
				1E1348AC19DD8A8600D4837A /* Main.storyboard in Resources */,
				1E1348B119DD8A8600D4837A /* LaunchScreen.xib in Resources */,
				1E1348AE19DD8A8600D4837A /* Images.xcassets in Resources */,
			);
			runOnlyForDeploymentPostprocessing = 0;
		};
		1E1348B419DD8A8600D4837A /* Resources */ = {
			isa = PBXResourcesBuildPhase;
			buildActionMask = 2147483647;
			files = (
			);
			runOnlyForDeploymentPostprocessing = 0;
		};
/* End PBXResourcesBuildPhase section */

/* Begin PBXSourcesBuildPhase section */
		1E13489D19DD8A8600D4837A /* Sources */ = {
			isa = PBXSourcesBuildPhase;
			buildActionMask = 2147483647;
			files = (
				1E1348C719DD8ACB00D4837A /* Current.swift in Sources */,
				1E1348A919DD8A8600D4837A /* ViewController.swift in Sources */,
				1E1348A719DD8A8600D4837A /* AppDelegate.swift in Sources */,
			);
			runOnlyForDeploymentPostprocessing = 0;
		};
		1E1348B219DD8A8600D4837A /* Sources */ = {
			isa = PBXSourcesBuildPhase;
			buildActionMask = 2147483647;
			files = (
				1E1348BD19DD8A8600D4837A /* SeasnTests.swift in Sources */,
			);
			runOnlyForDeploymentPostprocessing = 0;
		};
/* End PBXSourcesBuildPhase section */

/* Begin PBXTargetDependency section */
		1E1348B819DD8A8600D4837A /* PBXTargetDependency */ = {
			isa = PBXTargetDependency;
			target = 1E1348A019DD8A8600D4837A /* Seasn */;
			targetProxy = 1E1348B719DD8A8600D4837A /* PBXContainerItemProxy */;
		};
/* End PBXTargetDependency section */

/* Begin PBXVariantGroup section */
		1E1348AA19DD8A8600D4837A /* Main.storyboard */ = {
			isa = PBXVariantGroup;
			children = (
				1E1348AB19DD8A8600D4837A /* Base */,
			);
			name = Main.storyboard;
			sourceTree = "<group>";
		};
		1E1348AF19DD8A8600D4837A /* LaunchScreen.xib */ = {
			isa = PBXVariantGroup;
			children = (
				1E1348B019DD8A8600D4837A /* Base */,
			);
			name = LaunchScreen.xib;
			sourceTree = "<group>";
		};
/* End PBXVariantGroup section */

/* Begin XCBuildConfiguration section */
		1E1348BE19DD8A8600D4837A /* Debug */ = {
			isa = XCBuildConfiguration;
			buildSettings = {
				ALWAYS_SEARCH_USER_PATHS = NO;
				CLANG_CXX_LANGUAGE_STANDARD = "gnu++0x";
				CLANG_CXX_LIBRARY = "libc++";
				CLANG_ENABLE_MODULES = YES;
				CLANG_ENABLE_OBJC_ARC = YES;
				CLANG_WARN_BOOL_CONVERSION = YES;
				CLANG_WARN_CONSTANT_CONVERSION = YES;
				CLANG_WARN_DIRECT_OBJC_ISA_USAGE = YES_ERROR;
				CLANG_WARN_EMPTY_BODY = YES;
				CLANG_WARN_ENUM_CONVERSION = YES;
				CLANG_WARN_INT_CONVERSION = YES;
				CLANG_WARN_OBJC_ROOT_CLASS = YES_ERROR;
				CLANG_WARN_UNREACHABLE_CODE = YES;
				CLANG_WARN__DUPLICATE_METHOD_MATCH = YES;
				"CODE_SIGN_IDENTITY[sdk=iphoneos*]" = "iPhone Developer";
				COPY_PHASE_STRIP = NO;
				ENABLE_STRICT_OBJC_MSGSEND = YES;
				GCC_C_LANGUAGE_STANDARD = gnu99;
				GCC_DYNAMIC_NO_PIC = NO;
				GCC_OPTIMIZATION_LEVEL = 0;
				GCC_PREPROCESSOR_DEFINITIONS = (
					"DEBUG=1",
					"$(inherited)",
				);
				GCC_SYMBOLS_PRIVATE_EXTERN = NO;
				GCC_WARN_64_TO_32_BIT_CONVERSION = YES;
				GCC_WARN_ABOUT_RETURN_TYPE = YES_ERROR;
				GCC_WARN_UNDECLARED_SELECTOR = YES;
				GCC_WARN_UNINITIALIZED_AUTOS = YES_AGGRESSIVE;
				GCC_WARN_UNUSED_FUNCTION = YES;
				GCC_WARN_UNUSED_VARIABLE = YES;
				IPHONEOS_DEPLOYMENT_TARGET = 8.0;
				MTL_ENABLE_DEBUG_INFO = YES;
				ONLY_ACTIVE_ARCH = YES;
				SDKROOT = iphoneos;
				SWIFT_OPTIMIZATION_LEVEL = "-Onone";
			};
			name = Debug;
		};
		1E1348BF19DD8A8600D4837A /* Release */ = {
			isa = XCBuildConfiguration;
			buildSettings = {
				ALWAYS_SEARCH_USER_PATHS = NO;
				CLANG_CXX_LANGUAGE_STANDARD = "gnu++0x";
				CLANG_CXX_LIBRARY = "libc++";
				CLANG_ENABLE_MODULES = YES;
				CLANG_ENABLE_OBJC_ARC = YES;
				CLANG_WARN_BOOL_CONVERSION = YES;
				CLANG_WARN_CONSTANT_CONVERSION = YES;
				CLANG_WARN_DIRECT_OBJC_ISA_USAGE = YES_ERROR;
				CLANG_WARN_EMPTY_BODY = YES;
				CLANG_WARN_ENUM_CONVERSION = YES;
				CLANG_WARN_INT_CONVERSION = YES;
				CLANG_WARN_OBJC_ROOT_CLASS = YES_ERROR;
				CLANG_WARN_UNREACHABLE_CODE = YES;
				CLANG_WARN__DUPLICATE_METHOD_MATCH = YES;
				"CODE_SIGN_IDENTITY[sdk=iphoneos*]" = "iPhone Developer";
				COPY_PHASE_STRIP = YES;
				ENABLE_NS_ASSERTIONS = NO;
				ENABLE_STRICT_OBJC_MSGSEND = YES;
				GCC_C_LANGUAGE_STANDARD = gnu99;
				GCC_WARN_64_TO_32_BIT_CONVERSION = YES;
				GCC_WARN_ABOUT_RETURN_TYPE = YES_ERROR;
				GCC_WARN_UNDECLARED_SELECTOR = YES;
				GCC_WARN_UNINITIALIZED_AUTOS = YES_AGGRESSIVE;
				GCC_WARN_UNUSED_FUNCTION = YES;
				GCC_WARN_UNUSED_VARIABLE = YES;
				IPHONEOS_DEPLOYMENT_TARGET = 8.0;
				MTL_ENABLE_DEBUG_INFO = NO;
				SDKROOT = iphoneos;
				VALIDATE_PRODUCT = YES;
			};
			name = Release;
		};
		1E1348C119DD8A8600D4837A /* Debug */ = {
			isa = XCBuildConfiguration;
			buildSettings = {
				ASSETCATALOG_COMPILER_APPICON_NAME = AppIcon;
				INFOPLIST_FILE = Seasn/Info.plist;
				LD_RUNPATH_SEARCH_PATHS = "$(inherited) @executable_path/Frameworks";
				PRODUCT_NAME = "$(TARGET_NAME)";
			};
			name = Debug;
		};
		1E1348C219DD8A8600D4837A /* Release */ = {
			isa = XCBuildConfiguration;
			buildSettings = {
				ASSETCATALOG_COMPILER_APPICON_NAME = AppIcon;
				INFOPLIST_FILE = Seasn/Info.plist;
				LD_RUNPATH_SEARCH_PATHS = "$(inherited) @executable_path/Frameworks";
				PRODUCT_NAME = "$(TARGET_NAME)";
			};
			name = Release;
		};
		1E1348C419DD8A8600D4837A /* Debug */ = {
			isa = XCBuildConfiguration;
			buildSettings = {
				BUNDLE_LOADER = "$(TEST_HOST)";
				FRAMEWORK_SEARCH_PATHS = (
					"$(SDKROOT)/Developer/Library/Frameworks",
					"$(inherited)",
				);
				GCC_PREPROCESSOR_DEFINITIONS = (
					"DEBUG=1",
					"$(inherited)",
				);
				INFOPLIST_FILE = SeasnTests/Info.plist;
				LD_RUNPATH_SEARCH_PATHS = "$(inherited) @executable_path/Frameworks @loader_path/Frameworks";
				PRODUCT_NAME = "$(TARGET_NAME)";
				TEST_HOST = "$(BUILT_PRODUCTS_DIR)/Seasn.app/Seasn";
			};
			name = Debug;
		};
		1E1348C519DD8A8600D4837A /* Release */ = {
			isa = XCBuildConfiguration;
			buildSettings = {
				BUNDLE_LOADER = "$(TEST_HOST)";
				FRAMEWORK_SEARCH_PATHS = (
					"$(SDKROOT)/Developer/Library/Frameworks",
					"$(inherited)",
				);
				INFOPLIST_FILE = SeasnTests/Info.plist;
				LD_RUNPATH_SEARCH_PATHS = "$(inherited) @executable_path/Frameworks @loader_path/Frameworks";
				PRODUCT_NAME = "$(TARGET_NAME)";
				TEST_HOST = "$(BUILT_PRODUCTS_DIR)/Seasn.app/Seasn";
			};
			name = Release;
		};
/* End XCBuildConfiguration section */

/* Begin XCConfigurationList section */
		1E13489C19DD8A8600D4837A /* Build configuration list for PBXProject "Seasn" */ = {
			isa = XCConfigurationList;
			buildConfigurations = (
				1E1348BE19DD8A8600D4837A /* Debug */,
				1E1348BF19DD8A8600D4837A /* Release */,
			);
			defaultConfigurationIsVisible = 0;
			defaultConfigurationName = Release;
		};
		1E1348C019DD8A8600D4837A /* Build configuration list for PBXNativeTarget "Seasn" */ = {
			isa = XCConfigurationList;
			buildConfigurations = (
				1E1348C119DD8A8600D4837A /* Debug */,
				1E1348C219DD8A8600D4837A /* Release */,
			);
			defaultConfigurationIsVisible = 0;
		};
		1E1348C319DD8A8600D4837A /* Build configuration list for PBXNativeTarget "SeasnTests" */ = {
			isa = XCConfigurationList;
			buildConfigurations = (
				1E1348C419DD8A8600D4837A /* Debug */,
				1E1348C519DD8A8600D4837A /* Release */,
			);
			defaultConfigurationIsVisible = 0;
		};
/* End XCConfigurationList section */
	};
	rootObject = 1E13489919DD8A8600D4837A /* Project object */;
}
